{
  "requires": true,
  "lockfileVersion": 1,
  "dependencies": {
    "@mailchimp/mailchimp_transactional": {
      "version": "1.0.24",
      "resolved": "https://registry.npmjs.org/@mailchimp/mailchimp_transactional/-/mailchimp_transactional-1.0.24.tgz",
      "integrity": "sha512-cgUHI9XMJQTc213fRmH745YJxHX4Kqtmckfgwr/HGtWEXVB3Ua63zkIVC82JjhtzaOditZqeohsCeuYxkXXK4w==",
      "requires": {
        "axios": "^0.21.1"
      }
    },
    "axios": {
      "version": "0.21.1",
      "resolved": "https://registry.npmjs.org/axios/-/axios-0.21.1.tgz",
      "integrity": "sha512-dKQiRHxGD9PPRIUNIWvZhPTPpl1rf/OxTYKsqKUDjBwYylTvV7SjSHJb9ratfyzM6wCdLCOYLzs73qpg5c4iGA==",
      "requires": {
        "follow-redirects": "^1.10.0"
      }
    },
    "follow-redirects": {
      "version": "1.13.3",
      "resolved": "https://registry.npmjs.org/follow-redirects/-/follow-redirects-1.13.3.tgz",
      "integrity": "sha512-DUgl6+HDzB0iEptNQEXLx/KhTmDb8tZUHSeLqpnjpknR70H0nC2t9N73BK6fN4hOvJ84pKlIQVQ4k5FFlBedKA=="
    }
  }
}
