{
  "version": 4,
  "terraform_version": "0.14.6",
  "serial": 14,
  "lineage": "a3c2ad0f-e3cc-cfb1-b520-767cd9308791",
  "outputs": {
    "web_url": {
      "value": "https://tp-cloud-app.herokuapp.com/",
      "type": "string"
    }
  },
  "resources": [
    {
      "mode": "managed",
      "type": "heroku_app",
      "name": "tp_cloud_app_prod",
      "provider": "provider[\"registry.terraform.io/heroku/heroku\"]",
      "instances": [
        {
          "schema_version": 0,
          "attributes": {
            "acm": false,
            "all_config_vars": {},
            "buildpacks": [
              "heroku/nodejs"
            ],
            "config_vars": {},
            "git_url": "https://git.heroku.com/tp-cloud-app.git",
            "heroku_hostname": "tp-cloud-app.herokuapp.com",
            "id": "tp-cloud-app",
            "internal_routing": false,
            "name": "tp-cloud-app",
            "organization": [],
            "region": "us",
            "sensitive_config_vars": {},
            "space": null,
            "stack": "heroku-20",
            "uuid": "20ba41ca-6371-4bfd-a489-63fb0d1263dc",
            "web_url": "https://tp-cloud-app.herokuapp.com/"
          },
          "sensitive_attributes": [],
          "private": "bnVsbA=="
        }
      ]
    },
    {
      "mode": "managed",
      "type": "heroku_build",
      "name": "tp_cloud_app_prod",
      "provider": "provider[\"registry.terraform.io/heroku/heroku\"]",
      "instances": [
        {
          "schema_version": 0,
          "attributes": {
            "app": "tp-cloud-app",
            "buildpacks": [
              "https://buildpack-registry.s3.amazonaws.com/buildpacks/heroku/nodejs.tgz"
            ],
            "id": "b18dbd8a-a3df-42ff-81c3-5c29d1d6cae2",
            "local_checksum": "SHA256:a41616109ec5c899fe8d1113d0738bcee2a9e56a09227635210404ee37c4e18b",
            "output_stream_url": "https://build-output.heroku.com/streams/20/20ba41ca-6371-4bfd-a489-63fb0d1263dc/logs/b1/b18dbd8a-a3df-42ff-81c3-5c29d1d6cae2.log?X-Amz-Algorithm=AWS4-HMAC-SHA256\u0026X-Amz-Credential=AKIAIQI6BAUWXGR4S77Q%2F20210315%2Fus-east-1%2Fs3%2Faws4_request\u0026X-Amz-Date=20210315T131149Z\u0026X-Amz-Expires=86400\u0026X-Amz-SignedHeaders=host\u0026X-Amz-Signature=b65da9cbf03d715f76277699459b6b2f2cc767778d431c1a9237a7424443644e",
            "release_id": "dd47ca63-789c-43dd-80fc-a7e85c5d8a11",
            "slug_id": "b946f97e-bc5c-482d-a451-ffe176ab8989",
            "source": {
              "path": "../app"
            },
            "stack": "heroku-20",
            "status": "succeeded",
            "user": {
              "email": "hugo.borini@hetic.net",
              "id": "0ef13750-baaf-4778-9acb-3307119f9873"
            },
            "uuid": "b18dbd8a-a3df-42ff-81c3-5c29d1d6cae2"
          },
          "sensitive_attributes": [],
          "private": "bnVsbA==",
          "dependencies": [
            "heroku_app.tp_cloud_app_prod"
          ]
        }
      ]
    }
  ]
}
