{
  "version": 4,
  "terraform_version": "0.14.6",
  "serial": 23,
  "lineage": "a3c2ad0f-e3cc-cfb1-b520-767cd9308791",
  "outputs": {
    "web_url": {
      "value": "https://tp-cloud-app.herokuapp.com/",
      "type": "string"
    }
  },
  "resources": [
    {
      "mode": "managed",
      "type": "heroku_app",
      "name": "tp_cloud_app_prod",
      "provider": "provider[\"registry.terraform.io/heroku/heroku\"]",
      "instances": [
        {
          "schema_version": 0,
          "attributes": {
            "acm": false,
            "all_config_vars": {},
            "buildpacks": [
              "heroku/nodejs"
            ],
            "config_vars": {},
            "git_url": "https://git.heroku.com/tp-cloud-app.git",
            "heroku_hostname": "tp-cloud-app.herokuapp.com",
            "id": "tp-cloud-app",
            "internal_routing": false,
            "name": "tp-cloud-app",
            "organization": [],
            "region": "us",
            "sensitive_config_vars": {},
            "space": null,
            "stack": "heroku-20",
            "uuid": "20ba41ca-6371-4bfd-a489-63fb0d1263dc",
            "web_url": "https://tp-cloud-app.herokuapp.com/"
          },
          "sensitive_attributes": [],
          "private": "bnVsbA=="
        }
      ]
    },
    {
      "mode": "managed",
      "type": "heroku_build",
      "name": "tp_cloud_app_prod",
      "provider": "provider[\"registry.terraform.io/heroku/heroku\"]",
      "instances": [
        {
          "schema_version": 0,
          "attributes": {
            "app": "tp-cloud-app",
            "buildpacks": [
              "https://buildpack-registry.s3.amazonaws.com/buildpacks/heroku/nodejs.tgz"
            ],
            "id": "127ea2a4-8686-4c17-90cc-475723f96d15",
            "local_checksum": "SHA256:ff377cc56aab15c73d671ee38ceed4838a984411f615ed0025134addf1a9bdc3",
            "output_stream_url": "https://build-output.heroku.com/streams/20/20ba41ca-6371-4bfd-a489-63fb0d1263dc/logs/12/127ea2a4-8686-4c17-90cc-475723f96d15.log?X-Amz-Algorithm=AWS4-HMAC-SHA256\u0026X-Amz-Credential=AKIAIQI6BAUWXGR4S77Q%2F20210402%2Fus-east-1%2Fs3%2Faws4_request\u0026X-Amz-Date=20210402T104816Z\u0026X-Amz-Expires=86400\u0026X-Amz-SignedHeaders=host\u0026X-Amz-Signature=182c2053cb359be20c18ed778433757369766ed588b7228b16c9d83e1caf77ea",
            "release_id": "88292e48-9718-4d9e-9a89-a2e7669bb144",
            "slug_id": "377d02eb-e756-451b-8d75-84b18925a33b",
            "source": {
              "path": "../app"
            },
            "stack": "heroku-20",
            "status": "succeeded",
            "user": {
              "email": "hugo.borini@hetic.net",
              "id": "0ef13750-baaf-4778-9acb-3307119f9873"
            },
            "uuid": "127ea2a4-8686-4c17-90cc-475723f96d15"
          },
          "sensitive_attributes": [],
          "private": "bnVsbA==",
          "dependencies": [
            "heroku_app.tp_cloud_app_prod"
          ]
        }
      ]
    }
  ]
}
