{
  "version": 4,
  "terraform_version": "0.14.6",
  "serial": 33,
  "lineage": "a3c2ad0f-e3cc-cfb1-b520-767cd9308791",
  "outputs": {
    "web_url": {
      "value": "https://tp-cloud-app.herokuapp.com/",
      "type": "string"
    }
  },
  "resources": [
    {
      "mode": "managed",
      "type": "heroku_app",
      "name": "tp_cloud_app_prod",
      "provider": "provider[\"registry.terraform.io/heroku/heroku\"]",
      "instances": [
        {
          "schema_version": 0,
          "attributes": {
            "acm": false,
            "all_config_vars": {},
            "buildpacks": [
              "heroku/nodejs"
            ],
            "config_vars": {},
            "git_url": "https://git.heroku.com/tp-cloud-app.git",
            "heroku_hostname": "tp-cloud-app.herokuapp.com",
            "id": "tp-cloud-app",
            "internal_routing": false,
            "name": "tp-cloud-app",
            "organization": [],
            "region": "us",
            "sensitive_config_vars": {},
            "space": null,
            "stack": "heroku-20",
            "uuid": "20ba41ca-6371-4bfd-a489-63fb0d1263dc",
            "web_url": "https://tp-cloud-app.herokuapp.com/"
          },
          "sensitive_attributes": [],
          "private": "bnVsbA=="
        }
      ]
    },
    {
      "mode": "managed",
      "type": "heroku_build",
      "name": "tp_cloud_app_prod",
      "provider": "provider[\"registry.terraform.io/heroku/heroku\"]",
      "instances": [
        {
          "schema_version": 0,
          "attributes": {
            "app": "tp-cloud-app",
            "buildpacks": [
              "https://buildpack-registry.s3.amazonaws.com/buildpacks/heroku/nodejs.tgz"
            ],
            "id": "0e836df0-e134-4b29-a645-8090c89577d3",
            "local_checksum": "SHA256:b90cb1321180cdc3f4ef2fa8862d18e543b8e99ce422436dacc888ed08376347",
            "output_stream_url": "https://build-output.heroku.com/streams/20/20ba41ca-6371-4bfd-a489-63fb0d1263dc/logs/0e/0e836df0-e134-4b29-a645-8090c89577d3.log?X-Amz-Algorithm=AWS4-HMAC-SHA256\u0026X-Amz-Credential=AKIAIQI6BAUWXGR4S77Q%2F20210422%2Fus-east-1%2Fs3%2Faws4_request\u0026X-Amz-Date=20210422T180853Z\u0026X-Amz-Expires=86400\u0026X-Amz-SignedHeaders=host\u0026X-Amz-Signature=ce4f59b205906fe19db7c7fe1a7809ad522fdeee873c8727c18792ab6bf43ff9",
            "release_id": "0a74afc0-3598-4aaf-ab56-61427cf0871d",
            "slug_id": "6faef165-51b8-4d69-8407-3acca8502a6b",
            "source": {
              "path": "../app"
            },
            "stack": "heroku-20",
            "status": "succeeded",
            "user": {
              "email": "hugo.borini@hetic.net",
              "id": "0ef13750-baaf-4778-9acb-3307119f9873"
            },
            "uuid": "0e836df0-e134-4b29-a645-8090c89577d3"
          },
          "sensitive_attributes": [],
          "private": "bnVsbA==",
          "dependencies": [
            "heroku_app.tp_cloud_app_prod"
          ]
        }
      ]
    }
  ]
}
