{
  "version": 4,
  "terraform_version": "0.14.6",
  "serial": 26,
  "lineage": "a3c2ad0f-e3cc-cfb1-b520-767cd9308791",
  "outputs": {
    "web_url": {
      "value": "https://tp-cloud-app.herokuapp.com/",
      "type": "string"
    }
  },
  "resources": [
    {
      "mode": "managed",
      "type": "heroku_app",
      "name": "tp_cloud_app_prod",
      "provider": "provider[\"registry.terraform.io/heroku/heroku\"]",
      "instances": [
        {
          "schema_version": 0,
          "attributes": {
            "acm": false,
            "all_config_vars": {},
            "buildpacks": [
              "heroku/nodejs"
            ],
            "config_vars": {},
            "git_url": "https://git.heroku.com/tp-cloud-app.git",
            "heroku_hostname": "tp-cloud-app.herokuapp.com",
            "id": "tp-cloud-app",
            "internal_routing": false,
            "name": "tp-cloud-app",
            "organization": [],
            "region": "us",
            "sensitive_config_vars": {},
            "space": null,
            "stack": "heroku-20",
            "uuid": "20ba41ca-6371-4bfd-a489-63fb0d1263dc",
            "web_url": "https://tp-cloud-app.herokuapp.com/"
          },
          "sensitive_attributes": [],
          "private": "bnVsbA=="
        }
      ]
    },
    {
      "mode": "managed",
      "type": "heroku_build",
      "name": "tp_cloud_app_prod",
      "provider": "provider[\"registry.terraform.io/heroku/heroku\"]",
      "instances": [
        {
          "schema_version": 0,
          "attributes": {
            "app": "tp-cloud-app",
            "buildpacks": [
              "https://buildpack-registry.s3.amazonaws.com/buildpacks/heroku/nodejs.tgz"
            ],
            "id": "eb217f93-1b4f-4097-80da-d60a0ae92a47",
            "local_checksum": "SHA256:345b6fa7ffe305e9c8ab653218de9e00da1cdf5260d9fc2bcb9474e64cd7e1aa",
            "output_stream_url": "https://build-output.heroku.com/streams/20/20ba41ca-6371-4bfd-a489-63fb0d1263dc/logs/eb/eb217f93-1b4f-4097-80da-d60a0ae92a47.log?X-Amz-Algorithm=AWS4-HMAC-SHA256\u0026X-Amz-Credential=AKIAIQI6BAUWXGR4S77Q%2F20210419%2Fus-east-1%2Fs3%2Faws4_request\u0026X-Amz-Date=20210419T083721Z\u0026X-Amz-Expires=86400\u0026X-Amz-SignedHeaders=host\u0026X-Amz-Signature=b5612808563b7888456c502cf713faf2710ceb5bd8be2a949bba29e1bc6d4bcf",
            "release_id": "c9e065d8-efdb-47e1-a51c-c60d22274b95",
            "slug_id": "23b07f44-150c-4389-8a17-65d145a717a6",
            "source": {
              "path": "../app"
            },
            "stack": "heroku-20",
            "status": "succeeded",
            "user": {
              "email": "hugo.borini@hetic.net",
              "id": "0ef13750-baaf-4778-9acb-3307119f9873"
            },
            "uuid": "eb217f93-1b4f-4097-80da-d60a0ae92a47"
          },
          "sensitive_attributes": [],
          "private": "bnVsbA==",
          "dependencies": [
            "heroku_app.tp_cloud_app_prod"
          ]
        }
      ]
    }
  ]
}
